
Microsoft Visual Studio Solution File, Format Version 12.00
# Visual Studio Version 17
VisualStudioVersion = 17.12.35527.113
MinimumVisualStudioVersion = 10.0.40219.1
Project("{FAE04EC0-301F-11D3-BF4B-00C04F79EFBC}") = "TicTacToeArena.Shared", "TicTacToeArena.Shared\TicTacToeArena.Shared.csproj", "{3937ADEF-76BF-4D56-8568-98B0DA11F6D3}"
EndProject
Project("{FAE04EC0-301F-11D3-BF4B-00C04F79EFBC}") = "TicTacToeArena.Api", "TicTacToeArena.Api\TicTacToeArena.Api.csproj", "{FDD21FB8-9050-45AD-B636-30336D8EAFA1}"
EndProject
Project("{FAE04EC0-301F-11D3-BF4B-00C04F79EFBC}") = "TicTacToeArena.Client", "TicTacToeArena.Client\TicTacToeArena.Client.csproj", "{7A37EDFA-97B8-4333-A9DD-01C37714A48F}"
EndProject
Global
	GlobalSection(SolutionConfigurationPlatforms) = preSolution
		Debug|Any CPU = Debug|Any CPU
		Release|Any CPU = Release|Any CPU
	EndGlobalSection
	GlobalSection(ProjectConfigurationPlatforms) = postSolution
		{3937ADEF-76BF-4D56-8568-98B0DA11F6D3}.Debug|Any CPU.ActiveCfg = Debug|Any CPU
		{3937ADEF-76BF-4D56-8568-98B0DA11F6D3}.Debug|Any CPU.Build.0 = Debug|Any CPU
		{3937ADEF-76BF-4D56-8568-98B0DA11F6D3}.Release|Any CPU.ActiveCfg = Release|Any CPU
		{3937ADEF-76BF-4D56-8568-98B0DA11F6D3}.Release|Any CPU.Build.0 = Release|Any CPU
		{FDD21FB8-9050-45AD-B636-30336D8EAFA1}.Debug|Any CPU.ActiveCfg = Debug|Any CPU
		{FDD21FB8-9050-45AD-B636-30336D8EAFA1}.Debug|Any CPU.Build.0 = Debug|Any CPU
		{FDD21FB8-9050-45AD-B636-30336D8EAFA1}.Release|Any CPU.ActiveCfg = Release|Any CPU
		{FDD21FB8-9050-45AD-B636-30336D8EAFA1}.Release|Any CPU.Build.0 = Release|Any CPU
		{7A37EDFA-97B8-4333-A9DD-01C37714A48F}.Debug|Any CPU.ActiveCfg = Debug|Any CPU
		{7A37EDFA-97B8-4333-A9DD-01C37714A48F}.Debug|Any CPU.Build.0 = Debug|Any CPU
		{7A37EDFA-97B8-4333-A9DD-01C37714A48F}.Release|Any CPU.ActiveCfg = Release|Any CPU
		{7A37EDFA-97B8-4333-A9DD-01C37714A48F}.Release|Any CPU.Build.0 = Release|Any CPU
	EndGlobalSection
	GlobalSection(SolutionProperties) = preSolution
		HideSolutionNode = FALSE
	EndGlobalSection
EndGlobal
